
Microsoft Visual Studio Solution File, Format Version 12.00
# Visual Studio Version 17
VisualStudioVersion = 17.10.34928.147
MinimumVisualStudioVersion = 10.0.40219.1
Project("{FAE04EC0-301F-11D3-BF4B-00C04F79EFBC}") = "javitozhgyakorlas", "javitozhgyakorlas\javitozhgyakorlas.csproj", "{D0B61AF8-69D4-401C-A09C-99CF1F764B56}"
EndProject
Global
	GlobalSection(SolutionConfigurationPlatforms) = preSolution
		Debug|Any CPU = Debug|Any CPU
		Release|Any CPU = Release|Any CPU
	EndGlobalSection
	GlobalSection(ProjectConfigurationPlatforms) = postSolution
		{D0B61AF8-69D4-401C-A09C-99CF1F764B56}.Debug|Any CPU.ActiveCfg = Debug|Any CPU
		{D0B61AF8-69D4-401C-A09C-99CF1F764B56}.Debug|Any CPU.Build.0 = Debug|Any CPU
		{D0B61AF8-69D4-401C-A09C-99CF1F764B56}.Release|Any CPU.ActiveCfg = Release|Any CPU
		{D0B61AF8-69D4-401C-A09C-99CF1F764B56}.Release|Any CPU.Build.0 = Release|Any CPU
	EndGlobalSection
	GlobalSection(SolutionProperties) = preSolution
		HideSolutionNode = FALSE
	EndGlobalSection
	GlobalSection(ExtensibilityGlobals) = postSolution
		SolutionGuid = {02C65138-D453-4DF6-9261-4688A2D3D1CC}
	EndGlobalSection
EndGlobal
